
Microsoft Visual Studio Solution File, Format Version 12.00
# Visual Studio Version 16
VisualStudioVersion = 16.0.31005.135
MinimumVisualStudioVersion = 10.0.40219.1
Project("{FAE04EC0-301F-11D3-BF4B-00C04F79EFBC}") = "Curso", "Curso.csproj", "{685FEE54-EF2E-4E3B-98D8-30AD821795D0}"
EndProject
Project("{FAE04EC0-301F-11D3-BF4B-00C04F79EFBC}") = "EnumsNrosStringsMagicos", "..\EnumsNrosStringsMagicos\EnumsNrosStringsMagicos.csproj", "{FC223247-7FEB-49F7-AAC7-B50FFBF45CD1}"
EndProject
Project("{FAE04EC0-301F-11D3-BF4B-00C04F79EFBC}") = "NamespacesYUsing", "..\NamespacesYUsing\NamespacesYUsing.csproj", "{3A4E4DB3-6B82-4B5C-8E90-75C35FF54BC2}"
EndProject
Project("{FAE04EC0-301F-11D3-BF4B-00C04F79EFBC}") = "TryCatch", "..\TryCatch\TryCatch.csproj", "{E9A50434-E86C-405F-AC77-D1AFB0EDF244}"
EndProject
Project("{FAE04EC0-301F-11D3-BF4B-00C04F79EFBC}") = "CamposYPropiedades", "..\CamposYPropiedades\CamposYPropiedades.csproj", "{DA28DD2A-ECA5-4E64-A501-540553F38EEF}"
EndProject
Global
	GlobalSection(SolutionConfigurationPlatforms) = preSolution
		Debug|Any CPU = Debug|Any CPU
		Release|Any CPU = Release|Any CPU
	EndGlobalSection
	GlobalSection(ProjectConfigurationPlatforms) = postSolution
		{685FEE54-EF2E-4E3B-98D8-30AD821795D0}.Debug|Any CPU.ActiveCfg = Debug|Any CPU
		{685FEE54-EF2E-4E3B-98D8-30AD821795D0}.Debug|Any CPU.Build.0 = Debug|Any CPU
		{685FEE54-EF2E-4E3B-98D8-30AD821795D0}.Release|Any CPU.ActiveCfg = Release|Any CPU
		{685FEE54-EF2E-4E3B-98D8-30AD821795D0}.Release|Any CPU.Build.0 = Release|Any CPU
		{FC223247-7FEB-49F7-AAC7-B50FFBF45CD1}.Debug|Any CPU.ActiveCfg = Debug|Any CPU
		{FC223247-7FEB-49F7-AAC7-B50FFBF45CD1}.Debug|Any CPU.Build.0 = Debug|Any CPU
		{FC223247-7FEB-49F7-AAC7-B50FFBF45CD1}.Release|Any CPU.ActiveCfg = Release|Any CPU
		{FC223247-7FEB-49F7-AAC7-B50FFBF45CD1}.Release|Any CPU.Build.0 = Release|Any CPU
		{3A4E4DB3-6B82-4B5C-8E90-75C35FF54BC2}.Debug|Any CPU.ActiveCfg = Debug|Any CPU
		{3A4E4DB3-6B82-4B5C-8E90-75C35FF54BC2}.Debug|Any CPU.Build.0 = Debug|Any CPU
		{3A4E4DB3-6B82-4B5C-8E90-75C35FF54BC2}.Release|Any CPU.ActiveCfg = Release|Any CPU
		{3A4E4DB3-6B82-4B5C-8E90-75C35FF54BC2}.Release|Any CPU.Build.0 = Release|Any CPU
		{E9A50434-E86C-405F-AC77-D1AFB0EDF244}.Debug|Any CPU.ActiveCfg = Debug|Any CPU
		{E9A50434-E86C-405F-AC77-D1AFB0EDF244}.Debug|Any CPU.Build.0 = Debug|Any CPU
		{E9A50434-E86C-405F-AC77-D1AFB0EDF244}.Release|Any CPU.ActiveCfg = Release|Any CPU
		{E9A50434-E86C-405F-AC77-D1AFB0EDF244}.Release|Any CPU.Build.0 = Release|Any CPU
		{DA28DD2A-ECA5-4E64-A501-540553F38EEF}.Debug|Any CPU.ActiveCfg = Debug|Any CPU
		{DA28DD2A-ECA5-4E64-A501-540553F38EEF}.Debug|Any CPU.Build.0 = Debug|Any CPU
		{DA28DD2A-ECA5-4E64-A501-540553F38EEF}.Release|Any CPU.ActiveCfg = Release|Any CPU
		{DA28DD2A-ECA5-4E64-A501-540553F38EEF}.Release|Any CPU.Build.0 = Release|Any CPU
	EndGlobalSection
	GlobalSection(SolutionProperties) = preSolution
		HideSolutionNode = FALSE
	EndGlobalSection
	GlobalSection(ExtensibilityGlobals) = postSolution
		SolutionGuid = {D1D3CC38-7E88-42A0-B2BF-B69978865C7B}
	EndGlobalSection
EndGlobal
